
Microsoft Visual Studio Solution File, Format Version 12.00
# Visual Studio Version 17
VisualStudioVersion = 17.0.31903.59
MinimumVisualStudioVersion = 10.0.40219.1
Project("{2150E333-8FDC-42A3-9474-1A3956D46DE8}") = "src", "src", "{827E0CD3-B72D-47B6-A68D-7590B98EB39B}"
EndProject
Project("{FAE04EC0-301F-11D3-BF4B-00C04F79EFBC}") = "SolarMonitor.Domain", "src\SolarMonitor.Domain\SolarMonitor.Domain.csproj", "{DD2BC099-DF06-4CCE-A189-90865F11E762}"
EndProject
Project("{FAE04EC0-301F-11D3-BF4B-00C04F79EFBC}") = "SolarMonitor.Application", "src\SolarMonitor.Application\SolarMonitor.Application.csproj", "{EEA0E644-5D3E-46BD-8630-0D0350935FA6}"
EndProject
Project("{FAE04EC0-301F-11D3-BF4B-00C04F79EFBC}") = "SolarMonitor.Infrastructure", "src\SolarMonitor.Infrastructure\SolarMonitor.Infrastructure.csproj", "{B715864A-D1FA-4A88-9206-06292355E446}"
EndProject
Project("{FAE04EC0-301F-11D3-BF4B-00C04F79EFBC}") = "SolarMonitor.Api", "src\SolarMonitor.Api\SolarMonitor.Api.csproj", "{2478891B-9272-4521-8E68-36A734BBA800}"
EndProject
Project("{2150E333-8FDC-42A3-9474-1A3956D46DE8}") = "tests", "tests", "{0AB3BF05-4346-4AA6-1389-037BE0695223}"
EndProject
Project("{FAE04EC0-301F-11D3-BF4B-00C04F79EFBC}") = "SolarMonitor.Domain.Tests", "tests\SolarMonitor.Domain.Tests\SolarMonitor.Domain.Tests.csproj", "{3FFFBBDA-9E91-483C-9CF5-18EFD344167A}"
EndProject
Project("{FAE04EC0-301F-11D3-BF4B-00C04F79EFBC}") = "SolarMonitor.Application.Tests", "tests\SolarMonitor.Application.Tests\SolarMonitor.Application.Tests.csproj", "{F2BB39C4-6E21-4D59-B8D6-B9250002D731}"
EndProject
Project("{FAE04EC0-301F-11D3-BF4B-00C04F79EFBC}") = "SolarMonitor.Infrastructure.Tests", "tests\SolarMonitor.Infrastructure.Tests\SolarMonitor.Infrastructure.Tests.csproj", "{1B5A55AE-3C3C-4EB0-8B8E-0F3E1A2B85A0}"
EndProject
Project("{FAE04EC0-301F-11D3-BF4B-00C04F79EFBC}") = "SolarMonitor.Api.Tests", "tests\SolarMonitor.Api.Tests\SolarMonitor.Api.Tests.csproj", "{B970FF4D-2B11-478D-AC1B-EF69B610D018}"
EndProject
Global
	GlobalSection(SolutionConfigurationPlatforms) = preSolution
		Debug|Any CPU = Debug|Any CPU
		Debug|x64 = Debug|x64
		Debug|x86 = Debug|x86
		Release|Any CPU = Release|Any CPU
		Release|x64 = Release|x64
		Release|x86 = Release|x86
	EndGlobalSection
	GlobalSection(ProjectConfigurationPlatforms) = postSolution
		{DD2BC099-DF06-4CCE-A189-90865F11E762}.Debug|Any CPU.ActiveCfg = Debug|Any CPU
		{DD2BC099-DF06-4CCE-A189-90865F11E762}.Debug|Any CPU.Build.0 = Debug|Any CPU
		{DD2BC099-DF06-4CCE-A189-90865F11E762}.Debug|x64.ActiveCfg = Debug|Any CPU
		{DD2BC099-DF06-4CCE-A189-90865F11E762}.Debug|x64.Build.0 = Debug|Any CPU
		{DD2BC099-DF06-4CCE-A189-90865F11E762}.Debug|x86.ActiveCfg = Debug|Any CPU
		{DD2BC099-DF06-4CCE-A189-90865F11E762}.Debug|x86.Build.0 = Debug|Any CPU
		{DD2BC099-DF06-4CCE-A189-90865F11E762}.Release|Any CPU.ActiveCfg = Release|Any CPU
		{DD2BC099-DF06-4CCE-A189-90865F11E762}.Release|Any CPU.Build.0 = Release|Any CPU
		{DD2BC099-DF06-4CCE-A189-90865F11E762}.Release|x64.ActiveCfg = Release|Any CPU
		{DD2BC099-DF06-4CCE-A189-90865F11E762}.Release|x64.Build.0 = Release|Any CPU
		{DD2BC099-DF06-4CCE-A189-90865F11E762}.Release|x86.ActiveCfg = Release|Any CPU
		{DD2BC099-DF06-4CCE-A189-90865F11E762}.Release|x86.Build.0 = Release|Any CPU
		{EEA0E644-5D3E-46BD-8630-0D0350935FA6}.Debug|Any CPU.ActiveCfg = Debug|Any CPU
		{EEA0E644-5D3E-46BD-8630-0D0350935FA6}.Debug|Any CPU.Build.0 = Debug|Any CPU
		{EEA0E644-5D3E-46BD-8630-0D0350935FA6}.Debug|x64.ActiveCfg = Debug|Any CPU
		{EEA0E644-5D3E-46BD-8630-0D0350935FA6}.Debug|x64.Build.0 = Debug|Any CPU
		{EEA0E644-5D3E-46BD-8630-0D0350935FA6}.Debug|x86.ActiveCfg = Debug|Any CPU
		{EEA0E644-5D3E-46BD-8630-0D0350935FA6}.Debug|x86.Build.0 = Debug|Any CPU
		{EEA0E644-5D3E-46BD-8630-0D0350935FA6}.Release|Any CPU.ActiveCfg = Release|Any CPU
		{EEA0E644-5D3E-46BD-8630-0D0350935FA6}.Release|Any CPU.Build.0 = Release|Any CPU
		{EEA0E644-5D3E-46BD-8630-0D0350935FA6}.Release|x64.ActiveCfg = Release|Any CPU
		{EEA0E644-5D3E-46BD-8630-0D0350935FA6}.Release|x64.Build.0 = Release|Any CPU
		{EEA0E644-5D3E-46BD-8630-0D0350935FA6}.Release|x86.ActiveCfg = Release|Any CPU
		{EEA0E644-5D3E-46BD-8630-0D0350935FA6}.Release|x86.Build.0 = Release|Any CPU
		{B715864A-D1FA-4A88-9206-06292355E446}.Debug|Any CPU.ActiveCfg = Debug|Any CPU
		{B715864A-D1FA-4A88-9206-06292355E446}.Debug|Any CPU.Build.0 = Debug|Any CPU
		{B715864A-D1FA-4A88-9206-06292355E446}.Debug|x64.ActiveCfg = Debug|Any CPU
		{B715864A-D1FA-4A88-9206-06292355E446}.Debug|x64.Build.0 = Debug|Any CPU
		{B715864A-D1FA-4A88-9206-06292355E446}.Debug|x86.ActiveCfg = Debug|Any CPU
		{B715864A-D1FA-4A88-9206-06292355E446}.Debug|x86.Build.0 = Debug|Any CPU
		{B715864A-D1FA-4A88-9206-06292355E446}.Release|Any CPU.ActiveCfg = Release|Any CPU
		{B715864A-D1FA-4A88-9206-06292355E446}.Release|Any CPU.Build.0 = Release|Any CPU
		{B715864A-D1FA-4A88-9206-06292355E446}.Release|x64.ActiveCfg = Release|Any CPU
		{B715864A-D1FA-4A88-9206-06292355E446}.Release|x64.Build.0 = Release|Any CPU
		{B715864A-D1FA-4A88-9206-06292355E446}.Release|x86.ActiveCfg = Release|Any CPU
		{B715864A-D1FA-4A88-9206-06292355E446}.Release|x86.Build.0 = Release|Any CPU
		{2478891B-9272-4521-8E68-36A734BBA800}.Debug|Any CPU.ActiveCfg = Debug|Any CPU
		{2478891B-9272-4521-8E68-36A734BBA800}.Debug|Any CPU.Build.0 = Debug|Any CPU
		{2478891B-9272-4521-8E68-36A734BBA800}.Debug|x64.ActiveCfg = Debug|Any CPU
		{2478891B-9272-4521-8E68-36A734BBA800}.Debug|x64.Build.0 = Debug|Any CPU
		{2478891B-9272-4521-8E68-36A734BBA800}.Debug|x86.ActiveCfg = Debug|Any CPU
		{2478891B-9272-4521-8E68-36A734BBA800}.Debug|x86.Build.0 = Debug|Any CPU
		{2478891B-9272-4521-8E68-36A734BBA800}.Release|Any CPU.ActiveCfg = Release|Any CPU
		{2478891B-9272-4521-8E68-36A734BBA800}.Release|Any CPU.Build.0 = Release|Any CPU
		{2478891B-9272-4521-8E68-36A734BBA800}.Release|x64.ActiveCfg = Release|Any CPU
		{2478891B-9272-4521-8E68-36A734BBA800}.Release|x64.Build.0 = Release|Any CPU
		{2478891B-9272-4521-8E68-36A734BBA800}.Release|x86.ActiveCfg = Release|Any CPU
		{2478891B-9272-4521-8E68-36A734BBA800}.Release|x86.Build.0 = Release|Any CPU
		{3FFFBBDA-9E91-483C-9CF5-18EFD344167A}.Debug|Any CPU.ActiveCfg = Debug|Any CPU
		{3FFFBBDA-9E91-483C-9CF5-18EFD344167A}.Debug|Any CPU.Build.0 = Debug|Any CPU
		{3FFFBBDA-9E91-483C-9CF5-18EFD344167A}.Debug|x64.ActiveCfg = Debug|Any CPU
		{3FFFBBDA-9E91-483C-9CF5-18EFD344167A}.Debug|x64.Build.0 = Debug|Any CPU
		{3FFFBBDA-9E91-483C-9CF5-18EFD344167A}.Debug|x86.ActiveCfg = Debug|Any CPU
		{3FFFBBDA-9E91-483C-9CF5-18EFD344167A}.Debug|x86.Build.0 = Debug|Any CPU
		{3FFFBBDA-9E91-483C-9CF5-18EFD344167A}.Release|Any CPU.ActiveCfg = Release|Any CPU
		{3FFFBBDA-9E91-483C-9CF5-18EFD344167A}.Release|Any CPU.Build.0 = Release|Any CPU
		{3FFFBBDA-9E91-483C-9CF5-18EFD344167A}.Release|x64.ActiveCfg = Release|Any CPU
		{3FFFBBDA-9E91-483C-9CF5-18EFD344167A}.Release|x64.Build.0 = Release|Any CPU
		{3FFFBBDA-9E91-483C-9CF5-18EFD344167A}.Release|x86.ActiveCfg = Release|Any CPU
		{3FFFBBDA-9E91-483C-9CF5-18EFD344167A}.Release|x86.Build.0 = Release|Any CPU
		{F2BB39C4-6E21-4D59-B8D6-B9250002D731}.Debug|Any CPU.ActiveCfg = Debug|Any CPU
		{F2BB39C4-6E21-4D59-B8D6-B9250002D731}.Debug|Any CPU.Build.0 = Debug|Any CPU
		{F2BB39C4-6E21-4D59-B8D6-B9250002D731}.Debug|x64.ActiveCfg = Debug|Any CPU
		{F2BB39C4-6E21-4D59-B8D6-B9250002D731}.Debug|x64.Build.0 = Debug|Any CPU
		{F2BB39C4-6E21-4D59-B8D6-B9250002D731}.Debug|x86.ActiveCfg = Debug|Any CPU
		{F2BB39C4-6E21-4D59-B8D6-B9250002D731}.Debug|x86.Build.0 = Debug|Any CPU
		{F2BB39C4-6E21-4D59-B8D6-B9250002D731}.Release|Any CPU.ActiveCfg = Release|Any CPU
		{F2BB39C4-6E21-4D59-B8D6-B9250002D731}.Release|Any CPU.Build.0 = Release|Any CPU
		{F2BB39C4-6E21-4D59-B8D6-B9250002D731}.Release|x64.ActiveCfg = Release|Any CPU
		{F2BB39C4-6E21-4D59-B8D6-B9250002D731}.Release|x64.Build.0 = Release|Any CPU
		{F2BB39C4-6E21-4D59-B8D6-B9250002D731}.Release|x86.ActiveCfg = Release|Any CPU
		{F2BB39C4-6E21-4D59-B8D6-B9250002D731}.Release|x86.Build.0 = Release|Any CPU
		{1B5A55AE-3C3C-4EB0-8B8E-0F3E1A2B85A0}.Debug|Any CPU.ActiveCfg = Debug|Any CPU
		{1B5A55AE-3C3C-4EB0-8B8E-0F3E1A2B85A0}.Debug|Any CPU.Build.0 = Debug|Any CPU
		{1B5A55AE-3C3C-4EB0-8B8E-0F3E1A2B85A0}.Debug|x64.ActiveCfg = Debug|Any CPU
		{1B5A55AE-3C3C-4EB0-8B8E-0F3E1A2B85A0}.Debug|x64.Build.0 = Debug|Any CPU
		{1B5A55AE-3C3C-4EB0-8B8E-0F3E1A2B85A0}.Debug|x86.ActiveCfg = Debug|Any CPU
		{1B5A55AE-3C3C-4EB0-8B8E-0F3E1A2B85A0}.Debug|x86.Build.0 = Debug|Any CPU
		{1B5A55AE-3C3C-4EB0-8B8E-0F3E1A2B85A0}.Release|Any CPU.ActiveCfg = Release|Any CPU
		{1B5A55AE-3C3C-4EB0-8B8E-0F3E1A2B85A0}.Release|Any CPU.Build.0 = Release|Any CPU
		{1B5A55AE-3C3C-4EB0-8B8E-0F3E1A2B85A0}.Release|x64.ActiveCfg = Release|Any CPU
		{1B5A55AE-3C3C-4EB0-8B8E-0F3E1A2B85A0}.Release|x64.Build.0 = Release|Any CPU
		{1B5A55AE-3C3C-4EB0-8B8E-0F3E1A2B85A0}.Release|x86.ActiveCfg = Release|Any CPU
		{1B5A55AE-3C3C-4EB0-8B8E-0F3E1A2B85A0}.Release|x86.Build.0 = Release|Any CPU
		{B970FF4D-2B11-478D-AC1B-EF69B610D018}.Debug|Any CPU.ActiveCfg = Debug|Any CPU
		{B970FF4D-2B11-478D-AC1B-EF69B610D018}.Debug|Any CPU.Build.0 = Debug|Any CPU
		{B970FF4D-2B11-478D-AC1B-EF69B610D018}.Debug|x64.ActiveCfg = Debug|Any CPU
		{B970FF4D-2B11-478D-AC1B-EF69B610D018}.Debug|x64.Build.0 = Debug|Any CPU
		{B970FF4D-2B11-478D-AC1B-EF69B610D018}.Debug|x86.ActiveCfg = Debug|Any CPU
		{B970FF4D-2B11-478D-AC1B-EF69B610D018}.Debug|x86.Build.0 = Debug|Any CPU
		{B970FF4D-2B11-478D-AC1B-EF69B610D018}.Release|Any CPU.ActiveCfg = Release|Any CPU
		{B970FF4D-2B11-478D-AC1B-EF69B610D018}.Release|Any CPU.Build.0 = Release|Any CPU
		{B970FF4D-2B11-478D-AC1B-EF69B610D018}.Release|x64.ActiveCfg = Release|Any CPU
		{B970FF4D-2B11-478D-AC1B-EF69B610D018}.Release|x64.Build.0 = Release|Any CPU
		{B970FF4D-2B11-478D-AC1B-EF69B610D018}.Release|x86.ActiveCfg = Release|Any CPU
		{B970FF4D-2B11-478D-AC1B-EF69B610D018}.Release|x86.Build.0 = Release|Any CPU
	EndGlobalSection
	GlobalSection(SolutionProperties) = preSolution
		HideSolutionNode = FALSE
	EndGlobalSection
	GlobalSection(NestedProjects) = preSolution
		{DD2BC099-DF06-4CCE-A189-90865F11E762} = {827E0CD3-B72D-47B6-A68D-7590B98EB39B}
		{EEA0E644-5D3E-46BD-8630-0D0350935FA6} = {827E0CD3-B72D-47B6-A68D-7590B98EB39B}
		{B715864A-D1FA-4A88-9206-06292355E446} = {827E0CD3-B72D-47B6-A68D-7590B98EB39B}
		{2478891B-9272-4521-8E68-36A734BBA800} = {827E0CD3-B72D-47B6-A68D-7590B98EB39B}
		{3FFFBBDA-9E91-483C-9CF5-18EFD344167A} = {0AB3BF05-4346-4AA6-1389-037BE0695223}
		{F2BB39C4-6E21-4D59-B8D6-B9250002D731} = {0AB3BF05-4346-4AA6-1389-037BE0695223}
		{1B5A55AE-3C3C-4EB0-8B8E-0F3E1A2B85A0} = {0AB3BF05-4346-4AA6-1389-037BE0695223}
		{B970FF4D-2B11-478D-AC1B-EF69B610D018} = {0AB3BF05-4346-4AA6-1389-037BE0695223}
	EndGlobalSection
EndGlobal
